{
  "name": "nodejs-project",
  "version": "1.0.0",
  "lockfileVersion": 1,
  "requires": true,
  "dependencies": {
    "@types/long": {
      "version": "4.0.1",
      "resolved": "https://registry.npmjs.org/@types/long/-/long-4.0.1.tgz",
      "integrity": "sha512-5tXH6Bx/kNGd3MgffdmP4dy2Z+G4eaXw0SE81Tq3BNadtnMR5/ySMzX4SLEzHJzSmPNn4HIdpQsBvXMUykr58w=="
    },
    "hazelcast-client": {
      "version": "4.1.0",
      "resolved": "https://registry.npmjs.org/hazelcast-client/-/hazelcast-client-4.1.0.tgz",
      "integrity": "sha512-UXOIefmb02ob0RFzk9XLifd4Q9apChBOth2B2F+mFFGcc0YfPA13lfPPFKd8m9JDvJ0XFgF54Tefjbh0kZqRRQ==",
      "requires": {
        "@types/long": "4.0.1",
        "long": "4.0.0"
      }
    },
    "long": {
      "version": "4.0.0",
      "resolved": "https://registry.npmjs.org/long/-/long-4.0.0.tgz",
      "integrity": "sha512-XsP+KhQif4bjX1kbuSiySJFNAehNxgLb6hPRGJ9QsUr8ajHkuXGdrHmFUTUUXhDwVX2R5bY4JNZEwbUiMhV+MA=="
    }
  }
}
